
Microsoft Visual Studio Solution File, Format Version 12.00
# Visual Studio Version 17
VisualStudioVersion = 17.7.34031.279
MinimumVisualStudioVersion = 10.0.40219.1
Project("{9A19103F-16F7-4668-BE54-9A1E7A4F7556}") = "ASMLXMLParser", "ASMLXMLParser.csproj", "{209AF47A-224C-4059-978D-7247F7611647}"
EndProject
Project("{9A19103F-16F7-4668-BE54-9A1E7A4F7556}") = "DAL", "..\Data\DAL.csproj", "{91C8B9D3-6E85-4B23-90BF-019E8E0B3A7A}"
EndProject
Project("{9A19103F-16F7-4668-BE54-9A1E7A4F7556}") = "Business", "..\Business\Business.csproj", "{FB66231D-2E95-4A12-B228-6C7DE0B1224D}"
EndProject
Project("{2150E333-8FDC-42A3-9474-1A3956D46DE8}") = "Solution Items", "Solution Items", "{2CE9FB72-D517-4321-9472-EAF8438B22AF}"
	ProjectSection(SolutionItems) = preProject
		.editorconfig = .editorconfig
	EndProjectSection
EndProject
Project("{9A19103F-16F7-4668-BE54-9A1E7A4F7556}") = "ASML Unit Tests", "..\ASML Unit Tests\ASML Unit Tests.csproj", "{32BCC34A-0170-409D-A964-422688FEE0AA}"
EndProject
Global
	GlobalSection(SolutionConfigurationPlatforms) = preSolution
		Debug|Any CPU = Debug|Any CPU
		Release|Any CPU = Release|Any CPU
	EndGlobalSection
	GlobalSection(ProjectConfigurationPlatforms) = postSolution
		{209AF47A-224C-4059-978D-7247F7611647}.Debug|Any CPU.ActiveCfg = Debug|Any CPU
		{209AF47A-224C-4059-978D-7247F7611647}.Debug|Any CPU.Build.0 = Debug|Any CPU
		{209AF47A-224C-4059-978D-7247F7611647}.Release|Any CPU.ActiveCfg = Release|Any CPU
		{209AF47A-224C-4059-978D-7247F7611647}.Release|Any CPU.Build.0 = Release|Any CPU
		{91C8B9D3-6E85-4B23-90BF-019E8E0B3A7A}.Debug|Any CPU.ActiveCfg = Debug|Any CPU
		{91C8B9D3-6E85-4B23-90BF-019E8E0B3A7A}.Debug|Any CPU.Build.0 = Debug|Any CPU
		{91C8B9D3-6E85-4B23-90BF-019E8E0B3A7A}.Release|Any CPU.ActiveCfg = Release|Any CPU
		{91C8B9D3-6E85-4B23-90BF-019E8E0B3A7A}.Release|Any CPU.Build.0 = Release|Any CPU
		{FB66231D-2E95-4A12-B228-6C7DE0B1224D}.Debug|Any CPU.ActiveCfg = Debug|Any CPU
		{FB66231D-2E95-4A12-B228-6C7DE0B1224D}.Debug|Any CPU.Build.0 = Debug|Any CPU
		{FB66231D-2E95-4A12-B228-6C7DE0B1224D}.Release|Any CPU.ActiveCfg = Release|Any CPU
		{FB66231D-2E95-4A12-B228-6C7DE0B1224D}.Release|Any CPU.Build.0 = Release|Any CPU
		{32BCC34A-0170-409D-A964-422688FEE0AA}.Debug|Any CPU.ActiveCfg = Debug|Any CPU
		{32BCC34A-0170-409D-A964-422688FEE0AA}.Debug|Any CPU.Build.0 = Debug|Any CPU
		{32BCC34A-0170-409D-A964-422688FEE0AA}.Release|Any CPU.ActiveCfg = Release|Any CPU
		{32BCC34A-0170-409D-A964-422688FEE0AA}.Release|Any CPU.Build.0 = Release|Any CPU
	EndGlobalSection
	GlobalSection(SolutionProperties) = preSolution
		HideSolutionNode = FALSE
	EndGlobalSection
	GlobalSection(ExtensibilityGlobals) = postSolution
		SolutionGuid = {19351D37-FA72-41B6-9CC4-BE52DD85EB90}
	EndGlobalSection
EndGlobal
